
Microsoft Visual Studio Solution File, Format Version 12.00
# Visual Studio 15
VisualStudioVersion = 15.0.28307.168
MinimumVisualStudioVersion = 10.0.40219.1
Project("{FAE04EC0-301F-11D3-BF4B-00C04F79EFBC}") = "VoucherAPI", "VoucherAPI\VoucherAPI.csproj", "{FBFE2A77-5B0B-4E61-992F-23B9D5732C2C}"
EndProject
Project("{FAE04EC0-301F-11D3-BF4B-00C04F79EFBC}") = "VoucherAPILibrary", "VoucherAPILibrary\VoucherAPILibrary.csproj", "{072F6177-E565-4C97-8631-D0A056168A61}"
EndProject
Global
	GlobalSection(SolutionConfigurationPlatforms) = preSolution
		Debug|Any CPU = Debug|Any CPU
		Release|Any CPU = Release|Any CPU
	EndGlobalSection
	GlobalSection(ProjectConfigurationPlatforms) = postSolution
		{FBFE2A77-5B0B-4E61-992F-23B9D5732C2C}.Debug|Any CPU.ActiveCfg = Debug|Any CPU
		{FBFE2A77-5B0B-4E61-992F-23B9D5732C2C}.Debug|Any CPU.Build.0 = Debug|Any CPU
		{FBFE2A77-5B0B-4E61-992F-23B9D5732C2C}.Release|Any CPU.ActiveCfg = Release|Any CPU
		{FBFE2A77-5B0B-4E61-992F-23B9D5732C2C}.Release|Any CPU.Build.0 = Release|Any CPU
		{072F6177-E565-4C97-8631-D0A056168A61}.Debug|Any CPU.ActiveCfg = Debug|Any CPU
		{072F6177-E565-4C97-8631-D0A056168A61}.Debug|Any CPU.Build.0 = Debug|Any CPU
		{072F6177-E565-4C97-8631-D0A056168A61}.Release|Any CPU.ActiveCfg = Release|Any CPU
		{072F6177-E565-4C97-8631-D0A056168A61}.Release|Any CPU.Build.0 = Release|Any CPU
	EndGlobalSection
	GlobalSection(SolutionProperties) = preSolution
		HideSolutionNode = FALSE
	EndGlobalSection
	GlobalSection(ExtensibilityGlobals) = postSolution
		SolutionGuid = {D10FFCB0-EC49-4B0E-BCF9-01D41596AB2E}
	EndGlobalSection
EndGlobal
